
Microsoft Visual Studio Solution File, Format Version 12.00
Project("{2150E333-8FDC-42A3-9474-1A3956D46DE8}") = "CQRS-ES", "CQRS-ES", "{11E369FD-3C86-4CCA-897D-E3CD5F77501C}"
EndProject
Project("{2150E333-8FDC-42A3-9474-1A3956D46DE8}") = "SM-Post", "SM-Post", "{D4F45356-ED9D-4C65-B7AC-96908E24574F}"
EndProject
Project("{FAE04EC0-301F-11D3-BF4B-00C04F79EFBC}") = "CQRS.Core", "CQRS-ES\CQRS.Core\CQRS.Core.csproj", "{5B8C01F4-BD96-4E52-B452-7441FAD3FD65}"
EndProject
Project("{2150E333-8FDC-42A3-9474-1A3956D46DE8}") = "Post.Cmd", "Post.Cmd", "{44D18DE0-BE91-48F4-BBF4-6A51D0A9DFFE}"
EndProject
Project("{2150E333-8FDC-42A3-9474-1A3956D46DE8}") = "Post.Query", "Post.Query", "{BDE5F13D-D192-4207-BFE9-B64F1537B4A9}"
EndProject
Project("{FAE04EC0-301F-11D3-BF4B-00C04F79EFBC}") = "Post.Cmd.Api", "SM-Post\Post.Cmd\Post.Cmd.Api\Post.Cmd.Api.csproj", "{9A390A58-78FD-4556-B48C-7241770BDCF7}"
EndProject
Project("{FAE04EC0-301F-11D3-BF4B-00C04F79EFBC}") = "Post.Cmd.Domain", "SM-Post\Post.Cmd\Post.Cmd.Domain\Post.Cmd.Domain.csproj", "{17660094-1CF9-4243-BA68-9B333D6E2F6B}"
EndProject
Project("{FAE04EC0-301F-11D3-BF4B-00C04F79EFBC}") = "Post.Cmd.Infrastructure", "SM-Post\Post.Cmd\Post.Cmd.Infrastructure\Post.Cmd.Infrastructure.csproj", "{E92F113B-E65F-4A74-9956-A65A5FFB8A76}"
EndProject
Project("{FAE04EC0-301F-11D3-BF4B-00C04F79EFBC}") = "Post.Query.Api", "SM-Post\Post.Query\Post.Query.Api\Post.Query.Api.csproj", "{D24B53DE-31FA-49B7-92B0-D8532B4547B9}"
EndProject
Project("{FAE04EC0-301F-11D3-BF4B-00C04F79EFBC}") = "Post.Query.Domain", "SM-Post\Post.Query\Post.Query.Domain\Post.Query.Domain.csproj", "{4466AF0F-DCEF-4A3B-B6A2-91781B5865AC}"
EndProject
Project("{FAE04EC0-301F-11D3-BF4B-00C04F79EFBC}") = "Post.Query.Infrastructure", "SM-Post\Post.Query\Post.Query.Infrastructure\Post.Query.Infrastructure.csproj", "{35C6CA9B-507D-44F6-A5FD-F6493084C71B}"
EndProject
Project("{FAE04EC0-301F-11D3-BF4B-00C04F79EFBC}") = "Post.Common", "SM-Post\Post.Common\Post.Common.csproj", "{17B440A7-FCC6-488E-9CD8-26FE8DDD50DD}"
EndProject
Global
	GlobalSection(SolutionConfigurationPlatforms) = preSolution
		Debug|Any CPU = Debug|Any CPU
		Release|Any CPU = Release|Any CPU
	EndGlobalSection
	GlobalSection(NestedProjects) = preSolution
		{5B8C01F4-BD96-4E52-B452-7441FAD3FD65} = {11E369FD-3C86-4CCA-897D-E3CD5F77501C}
		{44D18DE0-BE91-48F4-BBF4-6A51D0A9DFFE} = {D4F45356-ED9D-4C65-B7AC-96908E24574F}
		{BDE5F13D-D192-4207-BFE9-B64F1537B4A9} = {D4F45356-ED9D-4C65-B7AC-96908E24574F}
		{9A390A58-78FD-4556-B48C-7241770BDCF7} = {44D18DE0-BE91-48F4-BBF4-6A51D0A9DFFE}
		{17660094-1CF9-4243-BA68-9B333D6E2F6B} = {44D18DE0-BE91-48F4-BBF4-6A51D0A9DFFE}
		{E92F113B-E65F-4A74-9956-A65A5FFB8A76} = {44D18DE0-BE91-48F4-BBF4-6A51D0A9DFFE}
		{D24B53DE-31FA-49B7-92B0-D8532B4547B9} = {BDE5F13D-D192-4207-BFE9-B64F1537B4A9}
		{4466AF0F-DCEF-4A3B-B6A2-91781B5865AC} = {BDE5F13D-D192-4207-BFE9-B64F1537B4A9}
		{35C6CA9B-507D-44F6-A5FD-F6493084C71B} = {BDE5F13D-D192-4207-BFE9-B64F1537B4A9}
		{17B440A7-FCC6-488E-9CD8-26FE8DDD50DD} = {D4F45356-ED9D-4C65-B7AC-96908E24574F}
	EndGlobalSection
	GlobalSection(ProjectConfigurationPlatforms) = postSolution
		{5B8C01F4-BD96-4E52-B452-7441FAD3FD65}.Debug|Any CPU.ActiveCfg = Debug|Any CPU
		{5B8C01F4-BD96-4E52-B452-7441FAD3FD65}.Debug|Any CPU.Build.0 = Debug|Any CPU
		{5B8C01F4-BD96-4E52-B452-7441FAD3FD65}.Release|Any CPU.ActiveCfg = Release|Any CPU
		{5B8C01F4-BD96-4E52-B452-7441FAD3FD65}.Release|Any CPU.Build.0 = Release|Any CPU
		{9A390A58-78FD-4556-B48C-7241770BDCF7}.Debug|Any CPU.ActiveCfg = Debug|Any CPU
		{9A390A58-78FD-4556-B48C-7241770BDCF7}.Debug|Any CPU.Build.0 = Debug|Any CPU
		{9A390A58-78FD-4556-B48C-7241770BDCF7}.Release|Any CPU.ActiveCfg = Release|Any CPU
		{9A390A58-78FD-4556-B48C-7241770BDCF7}.Release|Any CPU.Build.0 = Release|Any CPU
		{17660094-1CF9-4243-BA68-9B333D6E2F6B}.Debug|Any CPU.ActiveCfg = Debug|Any CPU
		{17660094-1CF9-4243-BA68-9B333D6E2F6B}.Debug|Any CPU.Build.0 = Debug|Any CPU
		{17660094-1CF9-4243-BA68-9B333D6E2F6B}.Release|Any CPU.ActiveCfg = Release|Any CPU
		{17660094-1CF9-4243-BA68-9B333D6E2F6B}.Release|Any CPU.Build.0 = Release|Any CPU
		{E92F113B-E65F-4A74-9956-A65A5FFB8A76}.Debug|Any CPU.ActiveCfg = Debug|Any CPU
		{E92F113B-E65F-4A74-9956-A65A5FFB8A76}.Debug|Any CPU.Build.0 = Debug|Any CPU
		{E92F113B-E65F-4A74-9956-A65A5FFB8A76}.Release|Any CPU.ActiveCfg = Release|Any CPU
		{E92F113B-E65F-4A74-9956-A65A5FFB8A76}.Release|Any CPU.Build.0 = Release|Any CPU
		{D24B53DE-31FA-49B7-92B0-D8532B4547B9}.Debug|Any CPU.ActiveCfg = Debug|Any CPU
		{D24B53DE-31FA-49B7-92B0-D8532B4547B9}.Debug|Any CPU.Build.0 = Debug|Any CPU
		{D24B53DE-31FA-49B7-92B0-D8532B4547B9}.Release|Any CPU.ActiveCfg = Release|Any CPU
		{D24B53DE-31FA-49B7-92B0-D8532B4547B9}.Release|Any CPU.Build.0 = Release|Any CPU
		{4466AF0F-DCEF-4A3B-B6A2-91781B5865AC}.Debug|Any CPU.ActiveCfg = Debug|Any CPU
		{4466AF0F-DCEF-4A3B-B6A2-91781B5865AC}.Debug|Any CPU.Build.0 = Debug|Any CPU
		{4466AF0F-DCEF-4A3B-B6A2-91781B5865AC}.Release|Any CPU.ActiveCfg = Release|Any CPU
		{4466AF0F-DCEF-4A3B-B6A2-91781B5865AC}.Release|Any CPU.Build.0 = Release|Any CPU
		{35C6CA9B-507D-44F6-A5FD-F6493084C71B}.Debug|Any CPU.ActiveCfg = Debug|Any CPU
		{35C6CA9B-507D-44F6-A5FD-F6493084C71B}.Debug|Any CPU.Build.0 = Debug|Any CPU
		{35C6CA9B-507D-44F6-A5FD-F6493084C71B}.Release|Any CPU.ActiveCfg = Release|Any CPU
		{35C6CA9B-507D-44F6-A5FD-F6493084C71B}.Release|Any CPU.Build.0 = Release|Any CPU
		{17B440A7-FCC6-488E-9CD8-26FE8DDD50DD}.Debug|Any CPU.ActiveCfg = Debug|Any CPU
		{17B440A7-FCC6-488E-9CD8-26FE8DDD50DD}.Debug|Any CPU.Build.0 = Debug|Any CPU
		{17B440A7-FCC6-488E-9CD8-26FE8DDD50DD}.Release|Any CPU.ActiveCfg = Release|Any CPU
		{17B440A7-FCC6-488E-9CD8-26FE8DDD50DD}.Release|Any CPU.Build.0 = Release|Any CPU
	EndGlobalSection
EndGlobal
